# THIS IS AN AUTOGENERATED FILE. DO NOT EDIT THIS FILE DIRECTLY.
# yarn lockfile v1


ccxt@^1.18.1366:
  version "1.19.3"
  resolved "https://registry.yarnpkg.com/ccxt/-/ccxt-1.19.3.tgz#532e67b37c9e0d80d9e63110deaf78487eef29f7"
  integrity sha512-HNfJQceLqHoH/saEt5HQaydFyPJGIhiTuDP8BiInKp8K4i2LtK/SY3tZZ+DcL+0BNjtDy6AXUVJG6c+XfeoMIA==
