# THIS IS AN AUTOGENERATED FILE. DO NOT EDIT THIS FILE DIRECTLY.
# yarn lockfile v1


ccxt@^1.20.44:
  version "1.20.44"
  resolved "https://registry.yarnpkg.com/ccxt/-/ccxt-1.20.44.tgz#e9ea28d885f907d472fbf2cb2e9f90ca906add52"
  integrity sha512-fwcqJ3hRVjQyT8FhOJX5jYtB+2k2zwCF7hA4A7XOn1WMr+1u01APXKJamjqcTLedkD+PJ22GqopzhCAEnNP3RA==
