# THIS IS AN AUTOGENERATED FILE. DO NOT EDIT THIS FILE DIRECTLY.
# yarn lockfile v1


ccxt@^1.18.1366:
  version "1.18.1366"
  resolved "https://registry.yarnpkg.com/ccxt/-/ccxt-1.18.1366.tgz#e21d2578b0a1310b1d264d3e7dacbdb56335f05a"
  integrity sha512-gpjRQhJbgBks17IDwjl3ee8m7wqf9750lAfLTJpwjbEvQKIUszLGLrzmxY7lUFKzdNlEDhIdNVVRzE4qCukkAg==
